PODS:
  - CocoaLumberjack (3.5.1):
    - CocoaLumberjack/Core (= 3.5.1)
  - CocoaLumberjack/Core (3.5.1)
  - SDWebImage/Core (5.0.0-beta5)
  - SDWebImageSVGCoder (0.1.0):
    - SDWebImage/Core (>= 5.0.0-beta3)
    - SVGKit (>= 2.1)
  - SVGKit (2.1.0):
    - CocoaLumberjack (~> 3.0)
  - SwiftSVG (2.2.0)

DEPENDENCIES:
  - SDWebImageSVGCoder
  - SwiftSVG (~> 2.0)

SPEC REPOS:
  https://github.com/cocoapods/specs.git:
    - CocoaLumberjack
    - SDWebImage
    - SDWebImageSVGCoder
    - SVGKit
    - SwiftSVG

SPEC CHECKSUMS:
  CocoaLumberjack: 2101f8a5508197a305e737d16c5c2e9e2157628c
  SDWebImage: fd609df53c0f55fdcd4705bd14c01c9d5c348d0c
  SDWebImageSVGCoder: 4a76d483b2f8b416b6888c33422f581d1c90e340
  SVGKit: 8a2fc74258bdb2abb54d3b65f3dd68b0277a9c4d
  SwiftSVG: 19bc4e434dcf236ece45ddf75f5ee1d3ef8061e6

PODFILE CHECKSUM: 4b801609f29d0e6f0bc6b6f33c799af2b35c3898

COCOAPODS: 1.7.3
